// !$*UTF8*$!
{
	archiveVersion = 1;
	classes = {
	};
	objectVersion = 50;
	objects = {

/* Begin PBXBuildFile section */
		BA92B57B26B624A300D42040 /* FruitRowView.swift in Sources */ = {isa = PBXBuildFile; fileRef = BA92B57A26B624A300D42040 /* FruitRowView.swift */; };
		BAFB65B226AE5A6800399368 /* UsingUIApp.swift in Sources */ = {isa = PBXBuildFile; fileRef = BAFB65B126AE5A6800399368 /* UsingUIApp.swift */; };
		BAFB65B426AE5A6800399368 /* ContentView.swift in Sources */ = {isa = PBXBuildFile; fileRef = BAFB65B326AE5A6800399368 /* ContentView.swift */; };
		BAFB65B626AE5A6900399368 /* Assets.xcassets in Resources */ = {isa = PBXBuildFile; fileRef = BAFB65B526AE5A6900399368 /* Assets.xcassets */; };
		BAFB65B926AE5A6900399368 /* Preview Assets.xcassets in Resources */ = {isa = PBXBuildFile; fileRef = BAFB65B826AE5A6900399368 /* Preview Assets.xcassets */; };
		BAFB65C326AE5F2700399368 /* FruitCardView.swift in Sources */ = {isa = PBXBuildFile; fileRef = BAFB65C226AE5F2700399368 /* FruitCardView.swift */; };
		BAFB65C526AF370300399368 /* StartButtonView.swift in Sources */ = {isa = PBXBuildFile; fileRef = BAFB65C426AF370300399368 /* StartButtonView.swift */; };
		BAFB65CA26AF6C6300399368 /* FruitModel.swift in Sources */ = {isa = PBXBuildFile; fileRef = BAFB65C926AF6C6300399368 /* FruitModel.swift */; };
		BAFB65CC26AF6D1200399368 /* OnboardingView.swift in Sources */ = {isa = PBXBuildFile; fileRef = BAFB65CB26AF6D1200399368 /* OnboardingView.swift */; };
		BAFB65CF26AF7D4000399368 /* FruitsData.swift in Sources */ = {isa = PBXBuildFile; fileRef = BAFB65CE26AF7D4000399368 /* FruitsData.swift */; };
/* End PBXBuildFile section */

/* Begin PBXFileReference section */
		BA92B57A26B624A300D42040 /* FruitRowView.swift */ = {isa = PBXFileReference; lastKnownFileType = sourcecode.swift; path = FruitRowView.swift; sourceTree = "<group>"; };
		BAFB65AE26AE5A6800399368 /* UsingUI.app */ = {isa = PBXFileReference; explicitFileType = wrapper.application; includeInIndex = 0; path = UsingUI.app; sourceTree = BUILT_PRODUCTS_DIR; };
		BAFB65B126AE5A6800399368 /* UsingUIApp.swift */ = {isa = PBXFileReference; lastKnownFileType = sourcecode.swift; path = UsingUIApp.swift; sourceTree = "<group>"; };
		BAFB65B326AE5A6800399368 /* ContentView.swift */ = {isa = PBXFileReference; lastKnownFileType = sourcecode.swift; path = ContentView.swift; sourceTree = "<group>"; };
		BAFB65B526AE5A6900399368 /* Assets.xcassets */ = {isa = PBXFileReference; lastKnownFileType = folder.assetcatalog; path = Assets.xcassets; sourceTree = "<group>"; };
		BAFB65B826AE5A6900399368 /* Preview Assets.xcassets */ = {isa = PBXFileReference; lastKnownFileType = folder.assetcatalog; path = "Preview Assets.xcassets"; sourceTree = "<group>"; };
		BAFB65BA26AE5A6900399368 /* Info.plist */ = {isa = PBXFileReference; lastKnownFileType = text.plist.xml; path = Info.plist; sourceTree = "<group>"; };
		BAFB65C226AE5F2700399368 /* FruitCardView.swift */ = {isa = PBXFileReference; lastKnownFileType = sourcecode.swift; path = FruitCardView.swift; sourceTree = "<group>"; };
		BAFB65C426AF370300399368 /* StartButtonView.swift */ = {isa = PBXFileReference; lastKnownFileType = sourcecode.swift; path = StartButtonView.swift; sourceTree = "<group>"; };
		BAFB65C926AF6C6300399368 /* FruitModel.swift */ = {isa = PBXFileReference; lastKnownFileType = sourcecode.swift; path = FruitModel.swift; sourceTree = "<group>"; };
		BAFB65CB26AF6D1200399368 /* OnboardingView.swift */ = {isa = PBXFileReference; lastKnownFileType = sourcecode.swift; path = OnboardingView.swift; sourceTree = "<group>"; };
		BAFB65CE26AF7D4000399368 /* FruitsData.swift */ = {isa = PBXFileReference; lastKnownFileType = sourcecode.swift; path = FruitsData.swift; sourceTree = "<group>"; };
/* End PBXFileReference section */

/* Begin PBXFrameworksBuildPhase section */
		BAFB65AB26AE5A6800399368 /* Frameworks */ = {
			isa = PBXFrameworksBuildPhase;
			buildActionMask = 2147483647;
			files = (
			);
			runOnlyForDeploymentPostprocessing = 0;
		};
/* End PBXFrameworksBuildPhase section */

/* Begin PBXGroup section */
		BAFB65A526AE5A6800399368 = {
			isa = PBXGroup;
			children = (
				BAFB65B026AE5A6800399368 /* UsingUI */,
				BAFB65AF26AE5A6800399368 /* Products */,
			);
			sourceTree = "<group>";
		};
		BAFB65AF26AE5A6800399368 /* Products */ = {
			isa = PBXGroup;
			children = (
				BAFB65AE26AE5A6800399368 /* UsingUI.app */,
			);
			name = Products;
			sourceTree = "<group>";
		};
		BAFB65B026AE5A6800399368 /* UsingUI */ = {
			isa = PBXGroup;
			children = (
				BAFB65CD26AF7D2800399368 /* Data */,
				BAFB65C626AF6C2700399368 /* Model */,
				BAFB65C126AE5EF600399368 /* View */,
				BAFB65C026AE5EB300399368 /* App */,
				BAFB65B526AE5A6900399368 /* Assets.xcassets */,
				BAFB65BA26AE5A6900399368 /* Info.plist */,
				BAFB65B726AE5A6900399368 /* Preview Content */,
			);
			path = UsingUI;
			sourceTree = "<group>";
		};
		BAFB65B726AE5A6900399368 /* Preview Content */ = {
			isa = PBXGroup;
			children = (
				BAFB65B826AE5A6900399368 /* Preview Assets.xcassets */,
			);
			path = "Preview Content";
			sourceTree = "<group>";
		};
		BAFB65C026AE5EB300399368 /* App */ = {
			isa = PBXGroup;
			children = (
				BAFB65B126AE5A6800399368 /* UsingUIApp.swift */,
				BAFB65B326AE5A6800399368 /* ContentView.swift */,
				BAFB65CB26AF6D1200399368 /* OnboardingView.swift */,
			);
			path = App;
			sourceTree = "<group>";
		};
		BAFB65C126AE5EF600399368 /* View */ = {
			isa = PBXGroup;
			children = (
				BAFB65C226AE5F2700399368 /* FruitCardView.swift */,
				BAFB65C426AF370300399368 /* StartButtonView.swift */,
				BA92B57A26B624A300D42040 /* FruitRowView.swift */,
			);
			path = View;
			sourceTree = "<group>";
		};
		BAFB65C626AF6C2700399368 /* Model */ = {
			isa = PBXGroup;
			children = (
				BAFB65C926AF6C6300399368 /* FruitModel.swift */,
			);
			path = Model;
			sourceTree = "<group>";
		};
		BAFB65CD26AF7D2800399368 /* Data */ = {
			isa = PBXGroup;
			children = (
				BAFB65CE26AF7D4000399368 /* FruitsData.swift */,
			);
			path = Data;
			sourceTree = "<group>";
		};
/* End PBXGroup section */

/* Begin PBXNativeTarget section */
		BAFB65AD26AE5A6800399368 /* UsingUI */ = {
			isa = PBXNativeTarget;
			buildConfigurationList = BAFB65BD26AE5A6900399368 /* Build configuration list for PBXNativeTarget "UsingUI" */;
			buildPhases = (
				BAFB65AA26AE5A6800399368 /* Sources */,
				BAFB65AB26AE5A6800399368 /* Frameworks */,
				BAFB65AC26AE5A6800399368 /* Resources */,
			);
			buildRules = (
			);
			dependencies = (
			);
			name = UsingUI;
			productName = UsingUI;
			productReference = BAFB65AE26AE5A6800399368 /* UsingUI.app */;
			productType = "com.apple.product-type.application";
		};
/* End PBXNativeTarget section */

/* Begin PBXProject section */
		BAFB65A626AE5A6800399368 /* Project object */ = {
			isa = PBXProject;
			attributes = {
				LastSwiftUpdateCheck = 1250;
				LastUpgradeCheck = 1250;
				TargetAttributes = {
					BAFB65AD26AE5A6800399368 = {
						CreatedOnToolsVersion = 12.5.1;
					};
				};
			};
			buildConfigurationList = BAFB65A926AE5A6800399368 /* Build configuration list for PBXProject "UsingUI" */;
			compatibilityVersion = "Xcode 9.3";
			developmentRegion = en;
			hasScannedForEncodings = 0;
			knownRegions = (
				en,
				Base,
			);
			mainGroup = BAFB65A526AE5A6800399368;
			productRefGroup = BAFB65AF26AE5A6800399368 /* Products */;
			projectDirPath = "";
			projectRoot = "";
			targets = (
				BAFB65AD26AE5A6800399368 /* UsingUI */,
			);
		};
/* End PBXProject section */

/* Begin PBXResourcesBuildPhase section */
		BAFB65AC26AE5A6800399368 /* Resources */ = {
			isa = PBXResourcesBuildPhase;
			buildActionMask = 2147483647;
			files = (
				BAFB65B926AE5A6900399368 /* Preview Assets.xcassets in Resources */,
				BAFB65B626AE5A6900399368 /* Assets.xcassets in Resources */,
			);
			runOnlyForDeploymentPostprocessing = 0;
		};
/* End PBXResourcesBuildPhase section */

/* Begin PBXSourcesBuildPhase section */
		BAFB65AA26AE5A6800399368 /* Sources */ = {
			isa = PBXSourcesBuildPhase;
			buildActionMask = 2147483647;
			files = (
				BAFB65C326AE5F2700399368 /* FruitCardView.swift in Sources */,
				BAFB65C526AF370300399368 /* StartButtonView.swift in Sources */,
				BA92B57B26B624A300D42040 /* FruitRowView.swift in Sources */,
				BAFB65CA26AF6C6300399368 /* FruitModel.swift in Sources */,
				BAFB65CC26AF6D1200399368 /* OnboardingView.swift in Sources */,
				BAFB65CF26AF7D4000399368 /* FruitsData.swift in Sources */,
				BAFB65B426AE5A6800399368 /* ContentView.swift in Sources */,
				BAFB65B226AE5A6800399368 /* UsingUIApp.swift in Sources */,
			);
			runOnlyForDeploymentPostprocessing = 0;
		};
/* End PBXSourcesBuildPhase section */

/* Begin XCBuildConfiguration section */
		BAFB65BB26AE5A6900399368 /* Debug */ = {
			isa = XCBuildConfiguration;
			buildSettings = {
				ALWAYS_SEARCH_USER_PATHS = NO;
				CLANG_ANALYZER_NONNULL = YES;
				CLANG_ANALYZER_NUMBER_OBJECT_CONVERSION = YES_AGGRESSIVE;
				CLANG_CXX_LANGUAGE_STANDARD = "gnu++14";
				CLANG_CXX_LIBRARY = "libc++";
				CLANG_ENABLE_MODULES = YES;
				CLANG_ENABLE_OBJC_ARC = YES;
				CLANG_ENABLE_OBJC_WEAK = YES;
				CLANG_WARN_BLOCK_CAPTURE_AUTORELEASING = YES;
				CLANG_WARN_BOOL_CONVERSION = YES;
				CLANG_WARN_COMMA = YES;
				CLANG_WARN_CONSTANT_CONVERSION = YES;
				CLANG_WARN_DEPRECATED_OBJC_IMPLEMENTATIONS = YES;
				CLANG_WARN_DIRECT_OBJC_ISA_USAGE = YES_ERROR;
				CLANG_WARN_DOCUMENTATION_COMMENTS = YES;
				CLANG_WARN_EMPTY_BODY = YES;
				CLANG_WARN_ENUM_CONVERSION = YES;
				CLANG_WARN_INFINITE_RECURSION = YES;
				CLANG_WARN_INT_CONVERSION = YES;
				CLANG_WARN_NON_LITERAL_NULL_CONVERSION = YES;
				CLANG_WARN_OBJC_IMPLICIT_RETAIN_SELF = YES;
				CLANG_WARN_OBJC_LITERAL_CONVERSION = YES;
				CLANG_WARN_OBJC_ROOT_CLASS = YES_ERROR;
				CLANG_WARN_QUOTED_INCLUDE_IN_FRAMEWORK_HEADER = YES;
				CLANG_WARN_RANGE_LOOP_ANALYSIS = YES;
				CLANG_WARN_STRICT_PROTOTYPES = YES;
				CLANG_WARN_SUSPICIOUS_MOVE = YES;
				CLANG_WARN_UNGUARDED_AVAILABILITY = YES_AGGRESSIVE;
				CLANG_WARN_UNREACHABLE_CODE = YES;
				CLANG_WARN__DUPLICATE_METHOD_MATCH = YES;
				COPY_PHASE_STRIP = NO;
				DEBUG_INFORMATION_FORMAT = dwarf;
				ENABLE_STRICT_OBJC_MSGSEND = YES;
				ENABLE_TESTABILITY = YES;
				GCC_C_LANGUAGE_STANDARD = gnu11;
				GCC_DYNAMIC_NO_PIC = NO;
				GCC_NO_COMMON_BLOCKS = YES;
				GCC_OPTIMIZATION_LEVEL = 0;
				GCC_PREPROCESSOR_DEFINITIONS = (
					"DEBUG=1",
					"$(inherited)",
				);
				GCC_WARN_64_TO_32_BIT_CONVERSION = YES;
				GCC_WARN_ABOUT_RETURN_TYPE = YES_ERROR;
				GCC_WARN_UNDECLARED_SELECTOR = YES;
				GCC_WARN_UNINITIALIZED_AUTOS = YES_AGGRESSIVE;
				GCC_WARN_UNUSED_FUNCTION = YES;
				GCC_WARN_UNUSED_VARIABLE = YES;
				IPHONEOS_DEPLOYMENT_TARGET = 14.5;
				MTL_ENABLE_DEBUG_INFO = INCLUDE_SOURCE;
				MTL_FAST_MATH = YES;
				ONLY_ACTIVE_ARCH = YES;
				SDKROOT = iphoneos;
				SWIFT_ACTIVE_COMPILATION_CONDITIONS = DEBUG;
				SWIFT_OPTIMIZATION_LEVEL = "-Onone";
			};
			name = Debug;
		};
		BAFB65BC26AE5A6900399368 /* Release */ = {
			isa = XCBuildConfiguration;
			buildSettings = {
				ALWAYS_SEARCH_USER_PATHS = NO;
				CLANG_ANALYZER_NONNULL = YES;
				CLANG_ANALYZER_NUMBER_OBJECT_CONVERSION = YES_AGGRESSIVE;
				CLANG_CXX_LANGUAGE_STANDARD = "gnu++14";
				CLANG_CXX_LIBRARY = "libc++";
				CLANG_ENABLE_MODULES = YES;
				CLANG_ENABLE_OBJC_ARC = YES;
				CLANG_ENABLE_OBJC_WEAK = YES;
				CLANG_WARN_BLOCK_CAPTURE_AUTORELEASING = YES;
				CLANG_WARN_BOOL_CONVERSION = YES;
				CLANG_WARN_COMMA = YES;
				CLANG_WARN_CONSTANT_CONVERSION = YES;
				CLANG_WARN_DEPRECATED_OBJC_IMPLEMENTATIONS = YES;
				CLANG_WARN_DIRECT_OBJC_ISA_USAGE = YES_ERROR;
				CLANG_WARN_DOCUMENTATION_COMMENTS = YES;
				CLANG_WARN_EMPTY_BODY = YES;
				CLANG_WARN_ENUM_CONVERSION = YES;
				CLANG_WARN_INFINITE_RECURSION = YES;
				CLANG_WARN_INT_CONVERSION = YES;
				CLANG_WARN_NON_LITERAL_NULL_CONVERSION = YES;
				CLANG_WARN_OBJC_IMPLICIT_RETAIN_SELF = YES;
				CLANG_WARN_OBJC_LITERAL_CONVERSION = YES;
				CLANG_WARN_OBJC_ROOT_CLASS = YES_ERROR;
				CLANG_WARN_QUOTED_INCLUDE_IN_FRAMEWORK_HEADER = YES;
				CLANG_WARN_RANGE_LOOP_ANALYSIS = YES;
				CLANG_WARN_STRICT_PROTOTYPES = YES;
				CLANG_WARN_SUSPICIOUS_MOVE = YES;
				CLANG_WARN_UNGUARDED_AVAILABILITY = YES_AGGRESSIVE;
				CLANG_WARN_UNREACHABLE_CODE = YES;
				CLANG_WARN__DUPLICATE_METHOD_MATCH = YES;
				COPY_PHASE_STRIP = NO;
				DEBUG_INFORMATION_FORMAT = "dwarf-with-dsym";
				ENABLE_NS_ASSERTIONS = NO;
				ENABLE_STRICT_OBJC_MSGSEND = YES;
				GCC_C_LANGUAGE_STANDARD = gnu11;
				GCC_NO_COMMON_BLOCKS = YES;
				GCC_WARN_64_TO_32_BIT_CONVERSION = YES;
				GCC_WARN_ABOUT_RETURN_TYPE = YES_ERROR;
				GCC_WARN_UNDECLARED_SELECTOR = YES;
				GCC_WARN_UNINITIALIZED_AUTOS = YES_AGGRESSIVE;
				GCC_WARN_UNUSED_FUNCTION = YES;
				GCC_WARN_UNUSED_VARIABLE = YES;
				IPHONEOS_DEPLOYMENT_TARGET = 14.5;
				MTL_ENABLE_DEBUG_INFO = NO;
				MTL_FAST_MATH = YES;
				SDKROOT = iphoneos;
				SWIFT_COMPILATION_MODE = wholemodule;
				SWIFT_OPTIMIZATION_LEVEL = "-O";
				VALIDATE_PRODUCT = YES;
			};
			name = Release;
		};
		BAFB65BE26AE5A6900399368 /* Debug */ = {
			isa = XCBuildConfiguration;
			buildSettings = {
				ASSETCATALOG_COMPILER_APPICON_NAME = AppIcon;
				ASSETCATALOG_COMPILER_GLOBAL_ACCENT_COLOR_NAME = AccentColor;
				CODE_SIGN_STYLE = Automatic;
				DEVELOPMENT_ASSET_PATHS = "\"UsingUI/Preview Content\"";
				ENABLE_PREVIEWS = YES;
				INFOPLIST_FILE = UsingUI/Info.plist;
				IPHONEOS_DEPLOYMENT_TARGET = 14.0;
				LD_RUNPATH_SEARCH_PATHS = (
					"$(inherited)",
					"@executable_path/Frameworks",
				);
				PRODUCT_BUNDLE_IDENTIFIER = com.ruchirelukurthy.UsingUI;
				PRODUCT_NAME = "$(TARGET_NAME)";
				SWIFT_VERSION = 5.0;
				TARGETED_DEVICE_FAMILY = "1,2";
			};
			name = Debug;
		};
		BAFB65BF26AE5A6900399368 /* Release */ = {
			isa = XCBuildConfiguration;
			buildSettings = {
				ASSETCATALOG_COMPILER_APPICON_NAME = AppIcon;
				ASSETCATALOG_COMPILER_GLOBAL_ACCENT_COLOR_NAME = AccentColor;
				CODE_SIGN_STYLE = Automatic;
				DEVELOPMENT_ASSET_PATHS = "\"UsingUI/Preview Content\"";
				ENABLE_PREVIEWS = YES;
				INFOPLIST_FILE = UsingUI/Info.plist;
				IPHONEOS_DEPLOYMENT_TARGET = 14.0;
				LD_RUNPATH_SEARCH_PATHS = (
					"$(inherited)",
					"@executable_path/Frameworks",
				);
				PRODUCT_BUNDLE_IDENTIFIER = com.ruchirelukurthy.UsingUI;
				PRODUCT_NAME = "$(TARGET_NAME)";
				SWIFT_VERSION = 5.0;
				TARGETED_DEVICE_FAMILY = "1,2";
			};
			name = Release;
		};
/* End XCBuildConfiguration section */

/* Begin XCConfigurationList section */
		BAFB65A926AE5A6800399368 /* Build configuration list for PBXProject "UsingUI" */ = {
			isa = XCConfigurationList;
			buildConfigurations = (
				BAFB65BB26AE5A6900399368 /* Debug */,
				BAFB65BC26AE5A6900399368 /* Release */,
			);
			defaultConfigurationIsVisible = 0;
			defaultConfigurationName = Release;
		};
		BAFB65BD26AE5A6900399368 /* Build configuration list for PBXNativeTarget "UsingUI" */ = {
			isa = XCConfigurationList;
			buildConfigurations = (
				BAFB65BE26AE5A6900399368 /* Debug */,
				BAFB65BF26AE5A6900399368 /* Release */,
			);
			defaultConfigurationIsVisible = 0;
			defaultConfigurationName = Release;
		};
/* End XCConfigurationList section */
	};
	rootObject = BAFB65A626AE5A6800399368 /* Project object */;
}
